<?xml version="1.0" encoding="utf-8"?>
<Project ToolsVersion="4.0" xmlns="http://schemas.microsoft.com/developer/msbuild/2003">
  <ItemGroup>
    <Filter Include="ソース ファイル">
      <UniqueIdentifier>{4FC737F1-C7A5-4376-A066-2A32D752A2FF}</UniqueIdentifier>
      <Extensions>cpp;c;cc;cxx;c++;cppm;ixx;def;odl;idl;hpj;bat;asm;asmx</Extensions>
    </Filter>
    <Filter Include="ヘッダー ファイル">
      <UniqueIdentifier>{93995380-89BD-4b04-88EB-625FBE52EBFB}</UniqueIdentifier>
      <Extensions>h;hh;hpp;hxx;h++;hm;inl;inc;ipp;xsd</Extensions>
    </Filter>
    <Filter Include="リソース ファイル">
      <UniqueIdentifier>{67DA6AB6-F800-4c08-8B7A-83BB121AAD01}</UniqueIdentifier>
      <Extensions>rc;ico;cur;bmp;dlg;rc2;rct;bin;rgs;gif;jpg;jpeg;jpe;resx;tiff;tif;png;wav;mfcribbon-ms</Extensions>
    </Filter>
    <Filter Include="シェーダー ファイル">
      <UniqueIdentifier>{718c7f4c-fc51-40ad-a221-b9456a7a1a3c}</UniqueIdentifier>
    </Filter>
    <Filter Include="ソース ファイル\Enemy">
      <UniqueIdentifier>{a20bbdb4-f882-46d4-91a8-7f35041ac980}</UniqueIdentifier>
    </Filter>
    <Filter Include="ソース ファイル\Scene">
      <UniqueIdentifier>{53afee22-9c5f-42ff-8a42-56f03bef6806}</UniqueIdentifier>
    </Filter>
    <Filter Include="ソース ファイル\Card">
      <UniqueIdentifier>{59853f43-065a-4077-a896-1345e20bc08c}</UniqueIdentifier>
    </Filter>
    <Filter Include="ソース ファイル\Enemy\Action">
      <UniqueIdentifier>{c4831b90-d26a-4ee9-9b03-4535d052522b}</UniqueIdentifier>
    </Filter>
    <Filter Include="ソース ファイル\Card\Card">
      <UniqueIdentifier>{d0bbd724-30e0-4d85-bb4f-83c2007ad06d}</UniqueIdentifier>
    </Filter>
    <Filter Include="ソース ファイル\Enemy\Enemy">
      <UniqueIdentifier>{fe3a9516-4f00-45c6-9495-8b663e1fd096}</UniqueIdentifier>
    </Filter>
    <Filter Include="ソース ファイル\Other">
      <UniqueIdentifier>{3435202e-2906-4bc5-8ab5-1789dd77d61f}</UniqueIdentifier>
    </Filter>
    <Filter Include="ヘッダー ファイル\Other">
      <UniqueIdentifier>{c7cae206-4323-4fac-971c-11db64334482}</UniqueIdentifier>
    </Filter>
    <Filter Include="ヘッダー ファイル\Card">
      <UniqueIdentifier>{4fcf5a18-d018-45a4-bf8e-c803f6866def}</UniqueIdentifier>
    </Filter>
    <Filter Include="ヘッダー ファイル\Enemy">
      <UniqueIdentifier>{4a4ea810-c009-49ad-a1f2-e1e304e7e2e9}</UniqueIdentifier>
    </Filter>
    <Filter Include="ヘッダー ファイル\Scene">
      <UniqueIdentifier>{5dc0a434-f0d5-4f56-8d14-7cde3235584f}</UniqueIdentifier>
    </Filter>
    <Filter Include="ヘッダー ファイル\Enemy\Enemy">
      <UniqueIdentifier>{5b3d88e0-35ec-4a3f-a6d6-b9e7b9581077}</UniqueIdentifier>
    </Filter>
    <Filter Include="ヘッダー ファイル\Enemy\Action">
      <UniqueIdentifier>{737e3371-5229-47cf-98bf-9bca527ae740}</UniqueIdentifier>
    </Filter>
    <Filter Include="ヘッダー ファイル\Card\Card">
      <UniqueIdentifier>{4cf1e29e-24d9-4d54-b0b5-1c0b97f9a48c}</UniqueIdentifier>
    </Filter>
    <Filter Include="ソース ファイル\StatusEffect">
      <UniqueIdentifier>{42696dd2-686b-4fae-a968-62f64d7a4568}</UniqueIdentifier>
    </Filter>
    <Filter Include="ヘッダー ファイル\StatusEffect">
      <UniqueIdentifier>{eb9ab928-2b58-4cdb-8784-c470013a0f38}</UniqueIdentifier>
    </Filter>
    <Filter Include="ソース ファイル\StatusEffect\Debuff">
      <UniqueIdentifier>{cde9772a-bb44-4fb5-a667-db1ee9c04d35}</UniqueIdentifier>
    </Filter>
    <Filter Include="ヘッダー ファイル\StatusEffect\Debuff">
      <UniqueIdentifier>{0dee8211-b115-434b-9df7-351b3276be66}</UniqueIdentifier>
    </Filter>
    <Filter Include="ソース ファイル\StatusEffect\Buff">
      <UniqueIdentifier>{93ee8cc8-5760-4ea9-a0a1-c5ef2885857a}</UniqueIdentifier>
    </Filter>
    <Filter Include="ヘッダー ファイル\StatusEffect\Buff">
      <UniqueIdentifier>{7f72ceea-f0b7-46ea-90ef-60dcd79b71da}</UniqueIdentifier>
    </Filter>
    <Filter Include="ソース ファイル\Map">
      <UniqueIdentifier>{7792d40c-7c9e-4ec8-8669-6db6d0395377}</UniqueIdentifier>
    </Filter>
    <Filter Include="ソース ファイル\Reward">
      <UniqueIdentifier>{1463ce55-bba1-4870-bd63-7d61a9510333}</UniqueIdentifier>
    </Filter>
    <Filter Include="ヘッダー ファイル\Map">
      <UniqueIdentifier>{fa974815-a87e-4a12-8636-534597efda19}</UniqueIdentifier>
    </Filter>
    <Filter Include="ヘッダー ファイル\Reward">
      <UniqueIdentifier>{23e17c5e-9ce7-493c-9c1d-fcfa761ea568}</UniqueIdentifier>
    </Filter>
    <Filter Include="ソース ファイル\Relic">
      <UniqueIdentifier>{36a69ce4-52af-428c-8ca5-0c61bf0719a7}</UniqueIdentifier>
    </Filter>
    <Filter Include="ソース ファイル\Card\Card\Standerd">
      <UniqueIdentifier>{e064261a-9a2b-4f84-b711-19c22668bf2f}</UniqueIdentifier>
    </Filter>
    <Filter Include="ソース ファイル\Card\Card\Common">
      <UniqueIdentifier>{ce5da13e-c117-4209-808e-807d37927e38}</UniqueIdentifier>
    </Filter>
    <Filter Include="ソース ファイル\Card\Card\UnCommon">
      <UniqueIdentifier>{89e74136-5966-42cf-8e3a-f9b728a82e0e}</UniqueIdentifier>
    </Filter>
    <Filter Include="ソース ファイル\Card\Card\Rare">
      <UniqueIdentifier>{14afbe5b-a44c-44a4-ac29-85899d6414f0}</UniqueIdentifier>
    </Filter>
    <Filter Include="ヘッダー ファイル\Card\Card\Rare">
      <UniqueIdentifier>{fcea1079-d22b-4ded-a1ed-0885ee3f70c3}</UniqueIdentifier>
    </Filter>
    <Filter Include="ヘッダー ファイル\Card\Card\Common">
      <UniqueIdentifier>{654671e4-b7d3-4fe2-9ed0-ac3abc4c9628}</UniqueIdentifier>
    </Filter>
    <Filter Include="ヘッダー ファイル\Card\Card\UnCommon">
      <UniqueIdentifier>{9fdb24af-091a-4790-a0ff-2447152aad6d}</UniqueIdentifier>
    </Filter>
    <Filter Include="ヘッダー ファイル\Card\Card\Standerd">
      <UniqueIdentifier>{ce3a6020-9204-45c6-b641-2f904b609d3b}</UniqueIdentifier>
    </Filter>
    <Filter Include="ヘッダー ファイル\Relic">
      <UniqueIdentifier>{c5d74ad3-491f-44c5-b283-133f08775543}</UniqueIdentifier>
    </Filter>
    <Filter Include="ソース ファイル\Manager">
      <UniqueIdentifier>{64bc1fc4-1242-44f3-bb94-11d09fdbfb52}</UniqueIdentifier>
    </Filter>
    <Filter Include="ソース ファイル\Event">
      <UniqueIdentifier>{25e359aa-0f2a-4d6e-a969-bd2750a6b056}</UniqueIdentifier>
    </Filter>
  </ItemGroup>
  <ItemGroup>
    <ClCompile Include="main.cpp">
      <Filter>ソース ファイル</Filter>
    </ClCompile>
    <ClCompile Include="Class\Enemy\Enemy.cpp">
      <Filter>ソース ファイル\Enemy</Filter>
    </ClCompile>
    <ClCompile Include="Class\Enemy\EnemyAction.cpp">
      <Filter>ソース ファイル\Enemy</Filter>
    </ClCompile>
    <ClCompile Include="Class\Scene\Blackout.cpp">
      <Filter>ソース ファイル\Scene</Filter>
    </ClCompile>
    <ClCompile Include="Class\Scene\Scene.cpp">
      <Filter>ソース ファイル\Scene</Filter>
    </ClCompile>
    <ClCompile Include="Class\Scene\SceneFactory.cpp">
      <Filter>ソース ファイル\Scene</Filter>
    </ClCompile>
    <ClCompile Include="Class\Scene\GameScene.cpp">
      <Filter>ソース ファイル\Scene</Filter>
    </ClCompile>
    <ClCompile Include="Class\Enemy\Enemy\Dummy.cpp">
      <Filter>ソース ファイル\Enemy\Enemy</Filter>
    </ClCompile>
    <ClCompile Include="Class\Button.cpp">
      <Filter>ソース ファイル\Other</Filter>
    </ClCompile>
    <ClCompile Include="MathUtilityEX.cpp">
      <Filter>ソース ファイル\Other</Filter>
    </ClCompile>
    <ClCompile Include="Class\NumberSprite.cpp">
      <Filter>ソース ファイル\Other</Filter>
    </ClCompile>
    <ClCompile Include="Class\Player.cpp">
      <Filter>ソース ファイル</Filter>
    </ClCompile>
    <ClCompile Include="Class\Enemy\Action\AtackAction.cpp">
      <Filter>ソース ファイル\Enemy\Action</Filter>
    </ClCompile>
    <ClCompile Include="Class\Enemy\EnemyFactory.cpp">
      <Filter>ソース ファイル\Enemy</Filter>
    </ClCompile>
    <ClCompile Include="Class\StatusEffect\StatusEffect.cpp">
      <Filter>ソース ファイル\StatusEffect</Filter>
    </ClCompile>
    <ClCompile Include="Class\StatusEffect\Buff.cpp">
      <Filter>ソース ファイル\StatusEffect</Filter>
    </ClCompile>
    <ClCompile Include="Class\StatusEffect\StatusEffectFactory.cpp">
      <Filter>ソース ファイル\StatusEffect</Filter>
    </ClCompile>
    <ClCompile Include="Class\StatusEffect\Debuff\Poison.cpp">
      <Filter>ソース ファイル\StatusEffect\Debuff</Filter>
    </ClCompile>
    <ClCompile Include="Class\Status.cpp">
      <Filter>ソース ファイル</Filter>
    </ClCompile>
    <ClCompile Include="Class\Enemy\Action\ShieldAction.cpp">
      <Filter>ソース ファイル\Enemy\Action</Filter>
    </ClCompile>
    <ClCompile Include="Class\Enemy\Action\DebuffAtackAction.cpp">
      <Filter>ソース ファイル\Enemy\Action</Filter>
    </ClCompile>
    <ClCompile Include="Class\StatusEffect\Debuff.cpp">
      <Filter>ソース ファイル\StatusEffect</Filter>
    </ClCompile>
    <ClCompile Include="Class\StatusEffect\Buff\Regeneration.cpp">
      <Filter>ソース ファイル\StatusEffect\Buff</Filter>
    </ClCompile>
    <ClCompile Include="Class\Card\Card.cpp">
      <Filter>ソース ファイル\Card\Card</Filter>
    </ClCompile>
    <ClCompile Include="Class\StatusEffect\Debuff\Fragility.cpp">
      <Filter>ソース ファイル\StatusEffect\Debuff</Filter>
    </ClCompile>
    <ClCompile Include="Class\StatusEffect\StatusEffectPair.cpp">
      <Filter>ソース ファイル\StatusEffect</Filter>
    </ClCompile>
    <ClCompile Include="Class\Scene\TitleScene.cpp">
      <Filter>ソース ファイル\Scene</Filter>
    </ClCompile>
    <ClCompile Include="Class\Card\CardFactory.cpp">
      <Filter>ソース ファイル\Card</Filter>
    </ClCompile>
    <ClCompile Include="Class\Map\Node.cpp">
      <Filter>ソース ファイル\Map</Filter>
    </ClCompile>
    <ClCompile Include="Class\Reward\Reward.cpp">
      <Filter>ソース ファイル\Reward</Filter>
    </ClCompile>
    <ClCompile Include="Class\Reward\CardReward.cpp">
      <Filter>ソース ファイル\Reward</Filter>
    </ClCompile>
    <ClCompile Include="Class\StatusEffect\Buff\AurOfDeath.cpp">
      <Filter>ソース ファイル\StatusEffect\Buff</Filter>
    </ClCompile>
    <ClCompile Include="Class\Easings.cpp">
      <Filter>ソース ファイル\Other</Filter>
    </ClCompile>
    <ClCompile Include="Class\StatusEffect\Buff\AntiFragile.cpp">
      <Filter>ソース ファイル\StatusEffect\Buff</Filter>
    </ClCompile>
    <ClCompile Include="Class\HPGauge.cpp">
      <Filter>ソース ファイル</Filter>
    </ClCompile>
    <ClCompile Include="Class\Relic\Relic\SakeCup.cpp">
      <Filter>ソース ファイル\Relic</Filter>
    </ClCompile>
    <ClCompile Include="Class\Relic\Relic.cpp">
      <Filter>ソース ファイル\Relic</Filter>
    </ClCompile>
    <ClCompile Include="Class\Relic\Relic\MagicPlayingCards.cpp">
      <Filter>ソース ファイル\Relic</Filter>
    </ClCompile>
    <ClCompile Include="Class\Card\Card\StandardAtack.cpp">
      <Filter>ソース ファイル\Card\Card\Standerd</Filter>
    </ClCompile>
    <ClCompile Include="Class\Card\Card\StandardShield.cpp">
      <Filter>ソース ファイル\Card\Card\Standerd</Filter>
    </ClCompile>
    <ClCompile Include="Class\Card\Card\PoisonDagger.cpp">
      <Filter>ソース ファイル\Card\Card\Common</Filter>
    </ClCompile>
    <ClCompile Include="Class\Card\Card\DrawCard.cpp">
      <Filter>ソース ファイル\Card\Card\Common</Filter>
    </ClCompile>
    <ClCompile Include="Class\Card\Card\Blow.cpp">
      <Filter>ソース ファイル\Card\Card\Common</Filter>
    </ClCompile>
    <ClCompile Include="Class\Card\Card\StrengthUp.cpp">
      <Filter>ソース ファイル\Card\Card\UnCommon</Filter>
    </ClCompile>
    <ClCompile Include="Class\Card\Card\VeryCareful.cpp">
      <Filter>ソース ファイル\Card\Card\UnCommon</Filter>
    </ClCompile>
    <ClCompile Include="Class\Card\Card\Bloodsucking.cpp">
      <Filter>ソース ファイル\Card\Card\UnCommon</Filter>
    </ClCompile>
    <ClCompile Include="Class\Card\Card\AllReverse.cpp">
      <Filter>ソース ファイル\Card\Card\Rare</Filter>
    </ClCompile>
    <ClCompile Include="Class\Enemy\Enemy\PsychoAxe.cpp">
      <Filter>ソース ファイル\Enemy\Enemy</Filter>
    </ClCompile>
    <ClCompile Include="Class\Enemy\Action\ContinuousAttackAction.cpp">
      <Filter>ソース ファイル\Enemy\Action</Filter>
    </ClCompile>
    <ClCompile Include="Class\Enemy\Action\BuffAction.cpp">
      <Filter>ソース ファイル\Enemy\Action</Filter>
    </ClCompile>
    <ClCompile Include="Class\Enemy\ActionFactory.cpp">
      <Filter>ソース ファイル\Enemy</Filter>
    </ClCompile>
    <ClCompile Include="Class\Enemy\Action\ContinuousHealAction.cpp">
      <Filter>ソース ファイル\Enemy\Action</Filter>
    </ClCompile>
    <ClCompile Include="Class\Relic\RelicFactory.cpp">
      <Filter>ソース ファイル</Filter>
    </ClCompile>
    <ClCompile Include="Class\Card\Card\DisposableShield.cpp">
      <Filter>ソース ファイル</Filter>
    </ClCompile>
    <ClCompile Include="Class\Card\Card\AmplifierShield.cpp">
      <Filter>ソース ファイル\Card\Card\Common</Filter>
    </ClCompile>
    <ClCompile Include="Class\StatusEffect\Buff\AuraOfLife.cpp">
      <Filter>ソース ファイル\StatusEffect\Buff</Filter>
    </ClCompile>
    <ClCompile Include="Class\Reward\TreasureReward.cpp">
      <Filter>ソース ファイル\Reward</Filter>
    </ClCompile>
    <ClCompile Include="Class\Map\MapManager.cpp">
      <Filter>ソース ファイル\Manager</Filter>
    </ClCompile>
    <ClCompile Include="Class\Card\CardManager.cpp">
      <Filter>ソース ファイル\Manager</Filter>
    </ClCompile>
    <ClCompile Include="Class\Relic\RelicManager.cpp">
      <Filter>ソース ファイル\Manager</Filter>
    </ClCompile>
    <ClCompile Include="Class\BattleManager.cpp">
      <Filter>ソース ファイル\Manager</Filter>
    </ClCompile>
    <ClCompile Include="Class\Enemy\EnemyManager.cpp">
      <Filter>ソース ファイル\Manager</Filter>
    </ClCompile>
    <ClCompile Include="Class\Scene\SceneManager.cpp">
      <Filter>ソース ファイル\Manager</Filter>
    </ClCompile>
    <ClCompile Include="Class\Event\EventManager.cpp">
      <Filter>ソース ファイル\Manager</Filter>
    </ClCompile>
    <ClCompile Include="Class\Reward\RewardManager.cpp">
      <Filter>ソース ファイル\Manager</Filter>
    </ClCompile>
    <ClCompile Include="Class\Relic\Relic\BlankRelic.cpp">
      <Filter>ソース ファイル</Filter>
    </ClCompile>
    <ClCompile Include="Class\Card\Card\MiniHeal.cpp">
      <Filter>ソース ファイル\Card\Card\Rare</Filter>
    </ClCompile>
    <ClCompile Include="Class\Card\Card\ClusterGrenade.cpp">
      <Filter>ソース ファイル\Card\Card\UnCommon</Filter>
    </ClCompile>
    <ClCompile Include="Class\Card\Card\StandardReverse.cpp">
      <Filter>ソース ファイル\Card\Card\Standerd</Filter>
    </ClCompile>
    <ClCompile Include="Class\Card\Card\StandardRiskyAttack.cpp">
      <Filter>ソース ファイル\Card\Card\Standerd</Filter>
    </ClCompile>
    <ClCompile Include="Class\StatusEffect\Debuff\NoDraw.cpp">
      <Filter>ソース ファイル\StatusEffect\Debuff</Filter>
    </ClCompile>
    <ClCompile Include="Class\Card\Card\DrawAttack.cpp">
      <Filter>ソース ファイル\Card\Card\Common</Filter>
    </ClCompile>
    <ClCompile Include="Class\Card\Card\Reverse.cpp">
      <Filter>ソース ファイル\Card\Card\Common</Filter>
    </ClCompile>
    <ClCompile Include="Class\Card\Card\DesperateAttack.cpp">
      <Filter>ソース ファイル\Card\Card\UnCommon</Filter>
    </ClCompile>
    <ClCompile Include="Class\StatusEffect\Debuff\Weakening.cpp">
      <Filter>ソース ファイル\StatusEffect\Debuff</Filter>
    </ClCompile>
    <ClCompile Include="Class\StatusEffect\Buff\Strongening.cpp">
      <Filter>ソース ファイル\StatusEffect\Buff</Filter>
    </ClCompile>
    <ClCompile Include="Caterpillar.cpp">
      <Filter>ソース ファイル\Enemy\Enemy</Filter>
    </ClCompile>
    <ClCompile Include="Class\Event\TreasureEvent.cpp">
      <Filter>ソース ファイル\Event</Filter>
    </ClCompile>
    <ClCompile Include="Class\Event\Event.cpp">
      <Filter>ソース ファイル\Event</Filter>
    </ClCompile>
    <ClCompile Include="RestEvent.cpp">
      <Filter>ソース ファイル\Event</Filter>
    </ClCompile>
    <ClCompile Include="Class\UIManager.cpp">
      <Filter>ソース ファイル\Manager</Filter>
    </ClCompile>
    <ClCompile Include="DebuffAction.cpp">
      <Filter>ソース ファイル\Enemy\Action</Filter>
    </ClCompile>
    <ClCompile Include="Boss.cpp">
      <Filter>ソース ファイル\Enemy\Enemy</Filter>
    </ClCompile>
    <ClCompile Include="AbsoluteReversal.cpp">
      <Filter>ソース ファイル\StatusEffect\Debuff</Filter>
    </ClCompile>
    <ClCompile Include="DebuffShieldAction.cpp">
      <Filter>ソース ファイル\Enemy\Action</Filter>
    </ClCompile>
    <ClCompile Include="Class\Scene\Over.cpp">
      <Filter>ソース ファイル\Scene</Filter>
    </ClCompile>
    <ClCompile Include="Class\Scene\Clear.cpp">
      <Filter>ソース ファイル\Scene</Filter>
    </ClCompile>
  </ItemGroup>
  <ItemGroup>
    <FxCompile Include="Resources\shaders\SpritePS.hlsl">
      <Filter>シェーダー ファイル</Filter>
    </FxCompile>
    <FxCompile Include="Resources\shaders\SpriteVS.hlsl">
      <Filter>シェーダー ファイル</Filter>
    </FxCompile>
    <FxCompile Include="Resources\shaders\ShapeVS.hlsl">
      <Filter>シェーダー ファイル</Filter>
    </FxCompile>
    <FxCompile Include="Resources\shaders\ShapePS.hlsl">
      <Filter>シェーダー ファイル</Filter>
    </FxCompile>
    <FxCompile Include="Resources\shaders\ObjPS.hlsl">
      <Filter>シェーダー ファイル</Filter>
    </FxCompile>
    <FxCompile Include="Resources\shaders\ObjVS.hlsl">
      <Filter>シェーダー ファイル</Filter>
    </FxCompile>
    <FxCompile Include="Resources\shaders\PrimitivePS.hlsl">
      <Filter>シェーダー ファイル</Filter>
    </FxCompile>
    <FxCompile Include="Resources\shaders\PrimitiveVS.hlsl">
      <Filter>シェーダー ファイル</Filter>
    </FxCompile>
    <FxCompile Include="Resources\shaders\TerrainPS.hlsl">
      <Filter>シェーダー ファイル</Filter>
    </FxCompile>
    <FxCompile Include="Resources\shaders\TerrainVS.hlsl">
      <Filter>シェーダー ファイル</Filter>
    </FxCompile>
  </ItemGroup>
  <ItemGroup>
    <None Include="Resources\shaders\Sprite.hlsli">
      <Filter>シェーダー ファイル</Filter>
    </None>
    <None Include="Resources\shaders\Shape.hlsli">
      <Filter>シェーダー ファイル</Filter>
    </None>
    <None Include="Resources\shaders\Obj.hlsli">
      <Filter>シェーダー ファイル</Filter>
    </None>
    <None Include="Resources\shaders\Primitive.hlsli">
      <Filter>シェーダー ファイル</Filter>
    </None>
    <None Include="Resources\shaders\Terrain.hlsli">
      <Filter>シェーダー ファイル</Filter>
    </None>
  </ItemGroup>
  <ItemGroup>
    <ClInclude Include="Class\BattleManager.h">
      <Filter>ヘッダー ファイル\Other</Filter>
    </ClInclude>
    <ClInclude Include="Class\Button.h">
      <Filter>ヘッダー ファイル\Other</Filter>
    </ClInclude>
    <ClInclude Include="Class\Card\CardManager.h">
      <Filter>ヘッダー ファイル\Card</Filter>
    </ClInclude>
    <ClInclude Include="Class\Enemy\Enemy.h">
      <Filter>ヘッダー ファイル\Enemy</Filter>
    </ClInclude>
    <ClInclude Include="Class\Enemy\EnemyAction.h">
      <Filter>ヘッダー ファイル\Enemy</Filter>
    </ClInclude>
    <ClInclude Include="Class\Scene\Scene.h">
      <Filter>ヘッダー ファイル\Scene</Filter>
    </ClInclude>
    <ClInclude Include="Class\Scene\SceneManager.h">
      <Filter>ヘッダー ファイル\Scene</Filter>
    </ClInclude>
    <ClInclude Include="Class\Scene\SceneFactory.h">
      <Filter>ヘッダー ファイル\Scene</Filter>
    </ClInclude>
    <ClInclude Include="Class\Scene\SceneName.h">
      <Filter>ヘッダー ファイル\Scene</Filter>
    </ClInclude>
    <ClInclude Include="Class\Scene\GameScene.h">
      <Filter>ヘッダー ファイル\Scene</Filter>
    </ClInclude>
    <ClInclude Include="Class\Enemy\EnemyManager.h">
      <Filter>ヘッダー ファイル\Enemy</Filter>
    </ClInclude>
    <ClInclude Include="Class\Enemy\Enemy\Dummy.h">
      <Filter>ヘッダー ファイル\Enemy\Enemy</Filter>
    </ClInclude>
    <ClInclude Include="Class\Scene\Blackout.h">
      <Filter>ヘッダー ファイル\Scene</Filter>
    </ClInclude>
    <ClInclude Include="Class\NumberSprite.h">
      <Filter>ヘッダー ファイル\Other</Filter>
    </ClInclude>
    <ClInclude Include="Class\Player.h">
      <Filter>ヘッダー ファイル</Filter>
    </ClInclude>
    <ClInclude Include="Class\Enemy\Action\AtackAction.h">
      <Filter>ヘッダー ファイル\Enemy\Action</Filter>
    </ClInclude>
    <ClInclude Include="Class\StatusEffect\StatusEffect.h">
      <Filter>ヘッダー ファイル\StatusEffect</Filter>
    </ClInclude>
    <ClInclude Include="Class\Enemy\EnemyFactory.h">
      <Filter>ヘッダー ファイル\Enemy</Filter>
    </ClInclude>
    <ClInclude Include="Class\StatusEffect\Debuff.h">
      <Filter>ヘッダー ファイル\StatusEffect</Filter>
    </ClInclude>
    <ClInclude Include="Class\StatusEffect\Buff.h">
      <Filter>ヘッダー ファイル\StatusEffect</Filter>
    </ClInclude>
    <ClInclude Include="Class\StatusEffect\StackDecreaseTiming.h">
      <Filter>ヘッダー ファイル\StatusEffect</Filter>
    </ClInclude>
    <ClInclude Include="Class\StatusEffect\EffectTiming.h">
      <Filter>ヘッダー ファイル\StatusEffect</Filter>
    </ClInclude>
    <ClInclude Include="Class\StatusEffect\Debuff\Poison.h">
      <Filter>ヘッダー ファイル\StatusEffect\Debuff</Filter>
    </ClInclude>
    <ClInclude Include="Class\Status.h">
      <Filter>ヘッダー ファイル</Filter>
    </ClInclude>
    <ClInclude Include="Class\StatusEffect\StatusEffectFactory.h">
      <Filter>ヘッダー ファイル\StatusEffect</Filter>
    </ClInclude>
    <ClInclude Include="Class\Enemy\Action\ShieldAction.h">
      <Filter>ヘッダー ファイル\Enemy\Action</Filter>
    </ClInclude>
    <ClInclude Include="Class\Enemy\ActionFactory.h">
      <Filter>ヘッダー ファイル\Enemy</Filter>
    </ClInclude>
    <ClInclude Include="Class\Enemy\Action\DebuffAtackAction.h">
      <Filter>ヘッダー ファイル\Enemy\Action</Filter>
    </ClInclude>
    <ClInclude Include="resource.h">
      <Filter>リソース ファイル</Filter>
    </ClInclude>
    <ClInclude Include="Class\StatusEffect\Buff\Regeneration.h">
      <Filter>ヘッダー ファイル\StatusEffect\Buff</Filter>
    </ClInclude>
    <ClInclude Include="Class\StatusEffect\Debuff\Fragility.h">
      <Filter>ヘッダー ファイル\StatusEffect\Debuff</Filter>
    </ClInclude>
    <ClInclude Include="Class\StatusEffect\StatusEffectPair.h">
      <Filter>ヘッダー ファイル\StatusEffect</Filter>
    </ClInclude>
    <ClInclude Include="Class\Card\CardFactory.h">
      <Filter>ヘッダー ファイル\Card</Filter>
    </ClInclude>
    <ClInclude Include="Class\Map\Node.h">
      <Filter>ヘッダー ファイル\Map</Filter>
    </ClInclude>
    <ClInclude Include="Class\Map\MapManager.h">
      <Filter>ヘッダー ファイル\Map</Filter>
    </ClInclude>
    <ClInclude Include="Class\Easings.h">
      <Filter>ヘッダー ファイル\Other</Filter>
    </ClInclude>
    <ClInclude Include="Class\Reward\Reward.h">
      <Filter>ヘッダー ファイル\Reward</Filter>
    </ClInclude>
    <ClInclude Include="Class\Reward\CardReward.h">
      <Filter>ヘッダー ファイル\Reward</Filter>
    </ClInclude>
    <ClInclude Include="Class\Reward\RewardManager.h">
      <Filter>ヘッダー ファイル\Reward</Filter>
    </ClInclude>
    <ClInclude Include="Class\Scene\TitleScene.h">
      <Filter>ヘッダー ファイル\Scene</Filter>
    </ClInclude>
    <ClInclude Include="Class\StatusEffect\Buff\AurOfDeath.h">
      <Filter>ヘッダー ファイル\StatusEffect\Buff</Filter>
    </ClInclude>
    <ClInclude Include="Class\UIManager.h">
      <Filter>ヘッダー ファイル</Filter>
    </ClInclude>
    <ClInclude Include="Class\StatusEffect\Buff\AntiFragile.h">
      <Filter>ヘッダー ファイル\StatusEffect\Buff</Filter>
    </ClInclude>
    <ClInclude Include="Class\HPGauge.h">
      <Filter>ヘッダー ファイル</Filter>
    </ClInclude>
    <ClInclude Include="Class\Event\EventManager.h">
      <Filter>ヘッダー ファイル</Filter>
    </ClInclude>
    <ClInclude Include="Class\Event\Event.h">
      <Filter>ヘッダー ファイル</Filter>
    </ClInclude>
    <ClInclude Include="Class\Event\TreasureEvent.h">
      <Filter>ヘッダー ファイル</Filter>
    </ClInclude>
    <ClInclude Include="Class\Enemy\BattleEnemyType.h">
      <Filter>ヘッダー ファイル</Filter>
    </ClInclude>
    <ClInclude Include="Class\Card\Card\DrawCard.h">
      <Filter>ヘッダー ファイル\Card\Card\Common</Filter>
    </ClInclude>
    <ClInclude Include="Class\Card\Card\Blow.h">
      <Filter>ヘッダー ファイル\Card\Card\Common</Filter>
    </ClInclude>
    <ClInclude Include="Class\Card\Card\Reverse.h">
      <Filter>ヘッダー ファイル\Card\Card\Common</Filter>
    </ClInclude>
    <ClInclude Include="Class\Card\Card\PoisonDagger.h">
      <Filter>ヘッダー ファイル\Card\Card\Common</Filter>
    </ClInclude>
    <ClInclude Include="Class\Card\Card\StandardAtack.h">
      <Filter>ヘッダー ファイル\Card\Card\Standerd</Filter>
    </ClInclude>
    <ClInclude Include="Class\Card\Card\StandardShield.h">
      <Filter>ヘッダー ファイル\Card\Card\Standerd</Filter>
    </ClInclude>
    <ClInclude Include="Class\Card\StrengthUp.h">
      <Filter>ヘッダー ファイル\Card\Card\UnCommon</Filter>
    </ClInclude>
    <ClInclude Include="Class\Relic\Relic.h">
      <Filter>ヘッダー ファイル\Relic</Filter>
    </ClInclude>
    <ClInclude Include="Class\Relic\RelicEffectTiming.h">
      <Filter>ヘッダー ファイル\Relic</Filter>
    </ClInclude>
    <ClInclude Include="Class\Relic\RelicManager.h">
      <Filter>ヘッダー ファイル\Relic</Filter>
    </ClInclude>
    <ClInclude Include="Class\Relic\Relic\SakeCup.h">
      <Filter>ヘッダー ファイル\Relic</Filter>
    </ClInclude>
    <ClInclude Include="Class\Relic\Relic\MagicPlayingCards.h">
      <Filter>ヘッダー ファイル\Relic</Filter>
    </ClInclude>
    <ClInclude Include="Class\Card\Card\AllReverse.h">
      <Filter>ヘッダー ファイル\Card\Card\Rare</Filter>
    </ClInclude>
    <ClInclude Include="Class\Card\Card\Bloodsucking.h">
      <Filter>ヘッダー ファイル\Card\Card\UnCommon</Filter>
    </ClInclude>
    <ClInclude Include="Class\Card\Card\VeryCareful.h">
      <Filter>ヘッダー ファイル\Card\Card\UnCommon</Filter>
    </ClInclude>
    <ClInclude Include="Class\Card\Card.h">
      <Filter>ヘッダー ファイル\Card\Card</Filter>
    </ClInclude>
    <ClInclude Include="Class\Enemy\Enemy\PsychoAxe.h">
      <Filter>ヘッダー ファイル</Filter>
    </ClInclude>
    <ClInclude Include="Class\Enemy\Action\ContinuousAttackAction.h">
      <Filter>ヘッダー ファイル</Filter>
    </ClInclude>
    <ClInclude Include="Class\Enemy\Action\BuffAction.h">
      <Filter>ヘッダー ファイル</Filter>
    </ClInclude>
    <ClInclude Include="Class\Enemy\Action\ContinuousHealAction.h">
      <Filter>ヘッダー ファイル</Filter>
    </ClInclude>
    <ClInclude Include="Class\Card\Card\MiniHeal.h">
      <Filter>ヘッダー ファイル</Filter>
    </ClInclude>
    <ClInclude Include="Class\StatusEffect\Buff\AuraOfLife.h">
      <Filter>ヘッダー ファイル</Filter>
    </ClInclude>
    <ClInclude Include="Class\Relic\RelicFactory.h">
      <Filter>ヘッダー ファイル</Filter>
    </ClInclude>
    <ClInclude Include="Class\Card\Card\DisposableShield.h">
      <Filter>ヘッダー ファイル</Filter>
    </ClInclude>
    <ClInclude Include="Class\Card\Card\ClusterGrenade.h">
      <Filter>ヘッダー ファイル</Filter>
    </ClInclude>
    <ClInclude Include="Class\Card\Card\AmplifierShield.h">
      <Filter>ヘッダー ファイル</Filter>
    </ClInclude>
    <ClInclude Include="Class\TreasureReward.h">
      <Filter>ヘッダー ファイル</Filter>
    </ClInclude>
    <ClInclude Include="Class\Relic\Relic\BlankRelic.h">
      <Filter>ヘッダー ファイル</Filter>
    </ClInclude>
    <ClInclude Include="Class\Card\Card\StandardReverse.h">
      <Filter>ヘッダー ファイル</Filter>
    </ClInclude>
    <ClInclude Include="Class\Card\Card\StandardRiskyAttack.h">
      <Filter>ヘッダー ファイル</Filter>
    </ClInclude>
    <ClInclude Include="Class\StatusEffect\Debuff\NoDraw.h">
      <Filter>ヘッダー ファイル</Filter>
    </ClInclude>
    <ClInclude Include="Class\Card\Card\DrawAttack.h">
      <Filter>ヘッダー ファイル</Filter>
    </ClInclude>
    <ClInclude Include="Class\Card\Card\DesperateAttack.h">
      <Filter>ヘッダー ファイル</Filter>
    </ClInclude>
    <ClInclude Include="Class\StatusEffect\Debuff\Weakening.h">
      <Filter>ヘッダー ファイル</Filter>
    </ClInclude>
    <ClInclude Include="Class\StatusEffect\Buff\Strongening.h">
      <Filter>ヘッダー ファイル</Filter>
    </ClInclude>
    <ClInclude Include="Caterpillar.h">
      <Filter>ヘッダー ファイル</Filter>
    </ClInclude>
    <ClInclude Include="RestEvent.h">
      <Filter>ヘッダー ファイル</Filter>
    </ClInclude>
    <ClInclude Include="AbsoluteReversal.h">
      <Filter>ヘッダー ファイル</Filter>
    </ClInclude>
    <ClInclude Include="Boss.h">
      <Filter>ヘッダー ファイル</Filter>
    </ClInclude>
    <ClInclude Include="DebuffAction.h">
      <Filter>ヘッダー ファイル</Filter>
    </ClInclude>
    <ClInclude Include="DebuffShieldAction.h">
      <Filter>ヘッダー ファイル</Filter>
    </ClInclude>
    <ClInclude Include="Class\Scene\Over.h">
      <Filter>ヘッダー ファイル</Filter>
    </ClInclude>
    <ClInclude Include="Class\Scene\Clear.h">
      <Filter>ヘッダー ファイル</Filter>
    </ClInclude>
  </ItemGroup>
  <ItemGroup>
    <ResourceCompile Include="DirectXGame.rc">
      <Filter>リソース ファイル</Filter>
    </ResourceCompile>
  </ItemGroup>
</Project>