<?xml version="1.0" encoding="utf-8"?>
<Project ToolsVersion="4.0" xmlns="http://schemas.microsoft.com/developer/msbuild/2003">
  <ItemGroup>
    <Filter Include="ソース ファイル">
      <UniqueIdentifier>{4FC737F1-C7A5-4376-A066-2A32D752A2FF}</UniqueIdentifier>
      <Extensions>cpp;c;cc;cxx;c++;cppm;ixx;def;odl;idl;hpj;bat;asm;asmx</Extensions>
    </Filter>
    <Filter Include="ヘッダー ファイル">
      <UniqueIdentifier>{93995380-89BD-4b04-88EB-625FBE52EBFB}</UniqueIdentifier>
      <Extensions>h;hh;hpp;hxx;h++;hm;inl;inc;ipp;xsd</Extensions>
    </Filter>
    <Filter Include="リソース ファイル">
      <UniqueIdentifier>{67DA6AB6-F800-4c08-8B7A-83BB121AAD01}</UniqueIdentifier>
      <Extensions>rc;ico;cur;bmp;dlg;rc2;rct;bin;rgs;gif;jpg;jpeg;jpe;resx;tiff;tif;png;wav;mfcribbon-ms</Extensions>
    </Filter>
    <Filter Include="シェーダー ファイル">
      <UniqueIdentifier>{718c7f4c-fc51-40ad-a221-b9456a7a1a3c}</UniqueIdentifier>
    </Filter>
    <Filter Include="ソース ファイル\Enemy">
      <UniqueIdentifier>{a20bbdb4-f882-46d4-91a8-7f35041ac980}</UniqueIdentifier>
    </Filter>
    <Filter Include="ソース ファイル\Scene">
      <UniqueIdentifier>{53afee22-9c5f-42ff-8a42-56f03bef6806}</UniqueIdentifier>
    </Filter>
    <Filter Include="ソース ファイル\Card">
      <UniqueIdentifier>{59853f43-065a-4077-a896-1345e20bc08c}</UniqueIdentifier>
    </Filter>
    <Filter Include="ソース ファイル\Enemy\Action">
      <UniqueIdentifier>{c4831b90-d26a-4ee9-9b03-4535d052522b}</UniqueIdentifier>
    </Filter>
    <Filter Include="ソース ファイル\Card\Card">
      <UniqueIdentifier>{d0bbd724-30e0-4d85-bb4f-83c2007ad06d}</UniqueIdentifier>
    </Filter>
    <Filter Include="ソース ファイル\Enemy\Enemy">
      <UniqueIdentifier>{fe3a9516-4f00-45c6-9495-8b663e1fd096}</UniqueIdentifier>
    </Filter>
    <Filter Include="ソース ファイル\Other">
      <UniqueIdentifier>{3435202e-2906-4bc5-8ab5-1789dd77d61f}</UniqueIdentifier>
    </Filter>
    <Filter Include="ヘッダー ファイル\Other">
      <UniqueIdentifier>{c7cae206-4323-4fac-971c-11db64334482}</UniqueIdentifier>
    </Filter>
    <Filter Include="ヘッダー ファイル\Card">
      <UniqueIdentifier>{4fcf5a18-d018-45a4-bf8e-c803f6866def}</UniqueIdentifier>
    </Filter>
    <Filter Include="ヘッダー ファイル\Enemy">
      <UniqueIdentifier>{4a4ea810-c009-49ad-a1f2-e1e304e7e2e9}</UniqueIdentifier>
    </Filter>
    <Filter Include="ヘッダー ファイル\Scene">
      <UniqueIdentifier>{5dc0a434-f0d5-4f56-8d14-7cde3235584f}</UniqueIdentifier>
    </Filter>
    <Filter Include="ヘッダー ファイル\Enemy\Enemy">
      <UniqueIdentifier>{5b3d88e0-35ec-4a3f-a6d6-b9e7b9581077}</UniqueIdentifier>
    </Filter>
    <Filter Include="ヘッダー ファイル\Enemy\Action">
      <UniqueIdentifier>{737e3371-5229-47cf-98bf-9bca527ae740}</UniqueIdentifier>
    </Filter>
    <Filter Include="ヘッダー ファイル\Card\Card">
      <UniqueIdentifier>{4cf1e29e-24d9-4d54-b0b5-1c0b97f9a48c}</UniqueIdentifier>
    </Filter>
    <Filter Include="ソース ファイル\StatusEffect">
      <UniqueIdentifier>{42696dd2-686b-4fae-a968-62f64d7a4568}</UniqueIdentifier>
    </Filter>
    <Filter Include="ヘッダー ファイル\StatusEffect">
      <UniqueIdentifier>{eb9ab928-2b58-4cdb-8784-c470013a0f38}</UniqueIdentifier>
    </Filter>
    <Filter Include="ソース ファイル\StatusEffect\Debuff">
      <UniqueIdentifier>{cde9772a-bb44-4fb5-a667-db1ee9c04d35}</UniqueIdentifier>
    </Filter>
    <Filter Include="ヘッダー ファイル\StatusEffect\Debuff">
      <UniqueIdentifier>{0dee8211-b115-434b-9df7-351b3276be66}</UniqueIdentifier>
    </Filter>
    <Filter Include="ソース ファイル\StatusEffect\Buff">
      <UniqueIdentifier>{93ee8cc8-5760-4ea9-a0a1-c5ef2885857a}</UniqueIdentifier>
    </Filter>
    <Filter Include="ヘッダー ファイル\StatusEffect\Buff">
      <UniqueIdentifier>{7f72ceea-f0b7-46ea-90ef-60dcd79b71da}</UniqueIdentifier>
    </Filter>
  </ItemGroup>
  <ItemGroup>
    <ClCompile Include="main.cpp">
      <Filter>ソース ファイル</Filter>
    </ClCompile>
    <ClCompile Include="Enemy\Enemy.cpp">
      <Filter>ソース ファイル\Enemy</Filter>
    </ClCompile>
    <ClCompile Include="Enemy\EnemyAction.cpp">
      <Filter>ソース ファイル\Enemy</Filter>
    </ClCompile>
    <ClCompile Include="scene\Blackout.cpp">
      <Filter>ソース ファイル\Scene</Filter>
    </ClCompile>
    <ClCompile Include="scene\Scene.cpp">
      <Filter>ソース ファイル\Scene</Filter>
    </ClCompile>
    <ClCompile Include="scene\SceneFactory.cpp">
      <Filter>ソース ファイル\Scene</Filter>
    </ClCompile>
    <ClCompile Include="scene\SceneManager.cpp">
      <Filter>ソース ファイル\Scene</Filter>
    </ClCompile>
    <ClCompile Include="Card\CardManager.cpp">
      <Filter>ソース ファイル\Card</Filter>
    </ClCompile>
    <ClCompile Include="scene\GameScene.cpp">
      <Filter>ソース ファイル\Scene</Filter>
    </ClCompile>
    <ClCompile Include="Card\Card\StandardAtack.cpp">
      <Filter>ソース ファイル\Card\Card</Filter>
    </ClCompile>
    <ClCompile Include="Card\Card\StandardShield.cpp">
      <Filter>ソース ファイル\Card\Card</Filter>
    </ClCompile>
    <ClCompile Include="Enemy\Enemy\Dummy.cpp">
      <Filter>ソース ファイル\Enemy\Enemy</Filter>
    </ClCompile>
    <ClCompile Include="BattleManager.cpp">
      <Filter>ソース ファイル\Other</Filter>
    </ClCompile>
    <ClCompile Include="Button.cpp">
      <Filter>ソース ファイル\Other</Filter>
    </ClCompile>
    <ClCompile Include="Enemy\EnemyManager.cpp">
      <Filter>ソース ファイル\Other</Filter>
    </ClCompile>
    <ClCompile Include="MathUtilityEX.cpp">
      <Filter>ソース ファイル\Other</Filter>
    </ClCompile>
    <ClCompile Include="NumberSprite.cpp">
      <Filter>ソース ファイル\Other</Filter>
    </ClCompile>
    <ClCompile Include="Player.cpp">
      <Filter>ソース ファイル</Filter>
    </ClCompile>
    <ClCompile Include="Enemy\Action\AtackAction.cpp">
      <Filter>ソース ファイル\Enemy\Action</Filter>
    </ClCompile>
    <ClCompile Include="Card\Card\DrawCard.cpp">
      <Filter>ソース ファイル\Card\Card</Filter>
    </ClCompile>
    <ClCompile Include="Card\Card\Reverse.cpp">
      <Filter>ソース ファイル\Card\Card</Filter>
    </ClCompile>
    <ClCompile Include="Enemy\EnemyFactory.cpp">
      <Filter>ソース ファイル\Enemy</Filter>
    </ClCompile>
    <ClCompile Include="StatusEffect\StatusEffect.cpp">
      <Filter>ソース ファイル\StatusEffect</Filter>
    </ClCompile>
    <ClCompile Include="StatusEffect\Buff.cpp">
      <Filter>ソース ファイル\StatusEffect</Filter>
    </ClCompile>
    <ClCompile Include="StatusEffect\StatusEffectFactory.cpp">
      <Filter>ソース ファイル\StatusEffect</Filter>
    </ClCompile>
    <ClCompile Include="Card\Card\PoisonDagger.cpp">
      <Filter>ソース ファイル\Card\Card</Filter>
    </ClCompile>
    <ClCompile Include="StatusEffect\Debuff\Poison.cpp">
      <Filter>ソース ファイル\StatusEffect\Debuff</Filter>
    </ClCompile>
    <ClCompile Include="Status.cpp">
      <Filter>ソース ファイル</Filter>
    </ClCompile>
    <ClCompile Include="Enemy\ActionFactory.cpp">
      <Filter>ソース ファイル\Enemy</Filter>
    </ClCompile>
    <ClCompile Include="Enemy\Action\ShieldAction.cpp">
      <Filter>ソース ファイル\Enemy\Action</Filter>
    </ClCompile>
    <ClCompile Include="Enemy\Action\DebuffAtackAction.cpp">
      <Filter>ソース ファイル\Enemy\Action</Filter>
    </ClCompile>
    <ClCompile Include="StatusEffect\Debuff.cpp">
      <Filter>ソース ファイル\StatusEffect</Filter>
    </ClCompile>
    <ClCompile Include="Regeneration.cpp">
      <Filter>ソース ファイル\StatusEffect\Buff</Filter>
    </ClCompile>
    <ClCompile Include="Card\Card.cpp">
      <Filter>ソース ファイル\Card\Card</Filter>
    </ClCompile>
    <ClCompile Include="Fragility.cpp">
      <Filter>ソース ファイル\StatusEffect\Debuff</Filter>
    </ClCompile>
    <ClCompile Include="StatusEffectPair.cpp">
      <Filter>ソース ファイル\StatusEffect</Filter>
    </ClCompile>
    <ClCompile Include="Blow.cpp">
      <Filter>ソース ファイル</Filter>
    </ClCompile>
  </ItemGroup>
  <ItemGroup>
    <FxCompile Include="Resources\shaders\SpritePS.hlsl">
      <Filter>シェーダー ファイル</Filter>
    </FxCompile>
    <FxCompile Include="Resources\shaders\SpriteVS.hlsl">
      <Filter>シェーダー ファイル</Filter>
    </FxCompile>
    <FxCompile Include="Resources\shaders\ShapeVS.hlsl">
      <Filter>シェーダー ファイル</Filter>
    </FxCompile>
    <FxCompile Include="Resources\shaders\ShapePS.hlsl">
      <Filter>シェーダー ファイル</Filter>
    </FxCompile>
    <FxCompile Include="Resources\shaders\ObjPS.hlsl">
      <Filter>シェーダー ファイル</Filter>
    </FxCompile>
    <FxCompile Include="Resources\shaders\ObjVS.hlsl">
      <Filter>シェーダー ファイル</Filter>
    </FxCompile>
    <FxCompile Include="Resources\shaders\PrimitivePS.hlsl">
      <Filter>シェーダー ファイル</Filter>
    </FxCompile>
    <FxCompile Include="Resources\shaders\PrimitiveVS.hlsl">
      <Filter>シェーダー ファイル</Filter>
    </FxCompile>
    <FxCompile Include="Resources\shaders\TerrainPS.hlsl">
      <Filter>シェーダー ファイル</Filter>
    </FxCompile>
    <FxCompile Include="Resources\shaders\TerrainVS.hlsl">
      <Filter>シェーダー ファイル</Filter>
    </FxCompile>
  </ItemGroup>
  <ItemGroup>
    <None Include="Resources\shaders\Sprite.hlsli">
      <Filter>シェーダー ファイル</Filter>
    </None>
    <None Include="Resources\shaders\Shape.hlsli">
      <Filter>シェーダー ファイル</Filter>
    </None>
    <None Include="Resources\shaders\Obj.hlsli">
      <Filter>シェーダー ファイル</Filter>
    </None>
    <None Include="Resources\shaders\Primitive.hlsli">
      <Filter>シェーダー ファイル</Filter>
    </None>
    <None Include="Resources\shaders\Terrain.hlsli">
      <Filter>シェーダー ファイル</Filter>
    </None>
  </ItemGroup>
  <ItemGroup>
    <ClInclude Include="BattleManager.h">
      <Filter>ヘッダー ファイル\Other</Filter>
    </ClInclude>
    <ClInclude Include="Button.h">
      <Filter>ヘッダー ファイル\Other</Filter>
    </ClInclude>
    <ClInclude Include="Card\Card.h">
      <Filter>ヘッダー ファイル\Card</Filter>
    </ClInclude>
    <ClInclude Include="Card\CardManager.h">
      <Filter>ヘッダー ファイル\Card</Filter>
    </ClInclude>
    <ClInclude Include="Enemy\Enemy.h">
      <Filter>ヘッダー ファイル\Enemy</Filter>
    </ClInclude>
    <ClInclude Include="Enemy\EnemyAction.h">
      <Filter>ヘッダー ファイル\Enemy</Filter>
    </ClInclude>
    <ClInclude Include="scene\Scene.h">
      <Filter>ヘッダー ファイル\Scene</Filter>
    </ClInclude>
    <ClInclude Include="scene\SceneManager.h">
      <Filter>ヘッダー ファイル\Scene</Filter>
    </ClInclude>
    <ClInclude Include="scene\SceneFactory.h">
      <Filter>ヘッダー ファイル\Scene</Filter>
    </ClInclude>
    <ClInclude Include="scene\SceneName.h">
      <Filter>ヘッダー ファイル\Scene</Filter>
    </ClInclude>
    <ClInclude Include="scene\GameScene.h">
      <Filter>ヘッダー ファイル\Scene</Filter>
    </ClInclude>
    <ClInclude Include="Enemy\EnemyManager.h">
      <Filter>ヘッダー ファイル\Enemy</Filter>
    </ClInclude>
    <ClInclude Include="Enemy\Enemy\Dummy.h">
      <Filter>ヘッダー ファイル\Enemy\Enemy</Filter>
    </ClInclude>
    <ClInclude Include="scene\Blackout.h">
      <Filter>ヘッダー ファイル\Scene</Filter>
    </ClInclude>
    <ClInclude Include="NumberSprite.h">
      <Filter>ヘッダー ファイル\Other</Filter>
    </ClInclude>
    <ClInclude Include="Card\Card\StandardAtack.h">
      <Filter>ヘッダー ファイル\Card\Card</Filter>
    </ClInclude>
    <ClInclude Include="Card\Card\StandardShield.h">
      <Filter>ヘッダー ファイル\Card\Card</Filter>
    </ClInclude>
    <ClInclude Include="Player.h">
      <Filter>ヘッダー ファイル</Filter>
    </ClInclude>
    <ClInclude Include="Enemy\Action\AtackAction.h">
      <Filter>ヘッダー ファイル\Enemy\Action</Filter>
    </ClInclude>
    <ClInclude Include="Card\Card\DrawCard.h">
      <Filter>ヘッダー ファイル\Card\Card</Filter>
    </ClInclude>
    <ClInclude Include="StatusEffect\StatusEffect.h">
      <Filter>ヘッダー ファイル\StatusEffect</Filter>
    </ClInclude>
    <ClInclude Include="Enemy\EnemyFactory.h">
      <Filter>ヘッダー ファイル\Enemy</Filter>
    </ClInclude>
    <ClInclude Include="Card\Card\Reverse.h">
      <Filter>ヘッダー ファイル\Card\Card</Filter>
    </ClInclude>
    <ClInclude Include="StatusEffect\Debuff.h">
      <Filter>ヘッダー ファイル\StatusEffect</Filter>
    </ClInclude>
    <ClInclude Include="StatusEffect\Buff.h">
      <Filter>ヘッダー ファイル\StatusEffect</Filter>
    </ClInclude>
    <ClInclude Include="Card\Card\PoisonDagger.h">
      <Filter>ヘッダー ファイル\Card\Card</Filter>
    </ClInclude>
    <ClInclude Include="StatusEffect\StackDecreaseTiming.h">
      <Filter>ヘッダー ファイル\StatusEffect</Filter>
    </ClInclude>
    <ClInclude Include="StatusEffect\EffectTiming.h">
      <Filter>ヘッダー ファイル\StatusEffect</Filter>
    </ClInclude>
    <ClInclude Include="StatusEffect\Debuff\Poison.h">
      <Filter>ヘッダー ファイル\StatusEffect\Debuff</Filter>
    </ClInclude>
    <ClInclude Include="Status.h">
      <Filter>ヘッダー ファイル</Filter>
    </ClInclude>
    <ClInclude Include="StatusEffect\StatusEffectFactory.h">
      <Filter>ヘッダー ファイル\StatusEffect</Filter>
    </ClInclude>
    <ClInclude Include="Enemy\Action\ShieldAction.h">
      <Filter>ヘッダー ファイル\Enemy\Action</Filter>
    </ClInclude>
    <ClInclude Include="Enemy\ActionFactory.h">
      <Filter>ヘッダー ファイル\Enemy</Filter>
    </ClInclude>
    <ClInclude Include="Enemy\Action\DebuffAtackAction.h">
      <Filter>ヘッダー ファイル\Enemy\Action</Filter>
    </ClInclude>
    <ClInclude Include="resource.h">
      <Filter>リソース ファイル</Filter>
    </ClInclude>
    <ClInclude Include="Regeneration.h">
      <Filter>ヘッダー ファイル\StatusEffect\Buff</Filter>
    </ClInclude>
    <ClInclude Include="Fragility.h">
      <Filter>ヘッダー ファイル\StatusEffect\Debuff</Filter>
    </ClInclude>
    <ClInclude Include="StatusEffectPair.h">
      <Filter>ヘッダー ファイル\StatusEffect</Filter>
    </ClInclude>
    <ClInclude Include="Blow.h">
      <Filter>ヘッダー ファイル</Filter>
    </ClInclude>
  </ItemGroup>
  <ItemGroup>
    <ResourceCompile Include="DirectXGame.rc">
      <Filter>リソース ファイル</Filter>
    </ResourceCompile>
  </ItemGroup>
</Project>